
Microsoft Visual Studio Solution File, Format Version 12.00
# Visual Studio Version 16
VisualStudioVersion = 25.0.1706.10
MinimumVisualStudioVersion = 10.0.40219.1
Project("{FAE04EC0-301F-11D3-BF4B-00C04F79EFBC}") = "SkalProj_Datastrukturer_Minne", "SkalProj_Datastrukturer_Minne.csproj", "{290E2E2D-5E27-4BA0-A2FF-4C6E95C57694}"
EndProject
Global
	GlobalSection(SolutionConfigurationPlatforms) = preSolution
		Debug|Any CPU = Debug|Any CPU
		Release|Any CPU = Release|Any CPU
	EndGlobalSection
	GlobalSection(ProjectConfigurationPlatforms) = postSolution
		{290E2E2D-5E27-4BA0-A2FF-4C6E95C57694}.Debug|Any CPU.ActiveCfg = Debug|Any CPU
		{290E2E2D-5E27-4BA0-A2FF-4C6E95C57694}.Debug|Any CPU.Build.0 = Debug|Any CPU
		{290E2E2D-5E27-4BA0-A2FF-4C6E95C57694}.Release|Any CPU.ActiveCfg = Release|Any CPU
		{290E2E2D-5E27-4BA0-A2FF-4C6E95C57694}.Release|Any CPU.Build.0 = Release|Any CPU
	EndGlobalSection
	GlobalSection(SolutionProperties) = preSolution
		HideSolutionNode = FALSE
	EndGlobalSection
	GlobalSection(ExtensibilityGlobals) = postSolution
		SolutionGuid = {555670C9-9060-479E-8B0D-1DA9B7419104}
	EndGlobalSection
EndGlobal
